// !$*UTF8*$!
{
	archiveVersion = 1;
	classes = {
	};
	objectVersion = 51;
	objects = {

/* Begin PBXBuildFile section */
		2A1075145D4B35518DF48C7F /* Pods_OpenWeatherTests.framework in Frameworks */ = {isa = PBXBuildFile; fileRef = 8F3B2BD6190069024143C3BA /* Pods_OpenWeatherTests.framework */; };
		3F1CF660291DA44A81CE6EE8 /* Pods_OpenWeather.framework in Frameworks */ = {isa = PBXBuildFile; fileRef = 012272F33142C7437039DE6D /* Pods_OpenWeather.framework */; };
		CF10ECFB2498AE0500D11813 /* AppDelegate.swift in Sources */ = {isa = PBXBuildFile; fileRef = CF10ECFA2498AE0500D11813 /* AppDelegate.swift */; };
		CF10ECFD2498AE0500D11813 /* SceneDelegate.swift in Sources */ = {isa = PBXBuildFile; fileRef = CF10ECFC2498AE0500D11813 /* SceneDelegate.swift */; };
		CF10ECFF2498AE0500D11813 /* ViewController.swift in Sources */ = {isa = PBXBuildFile; fileRef = CF10ECFE2498AE0500D11813 /* ViewController.swift */; };
		CF10ED022498AE0500D11813 /* Main.storyboard in Resources */ = {isa = PBXBuildFile; fileRef = CF10ED002498AE0500D11813 /* Main.storyboard */; };
		CF10ED042498AE0700D11813 /* Assets.xcassets in Resources */ = {isa = PBXBuildFile; fileRef = CF10ED032498AE0700D11813 /* Assets.xcassets */; };
		CF10ED072498AE0700D11813 /* LaunchScreen.storyboard in Resources */ = {isa = PBXBuildFile; fileRef = CF10ED052498AE0700D11813 /* LaunchScreen.storyboard */; };
		CF10ED122498AE0700D11813 /* OpenWeatherTests.swift in Sources */ = {isa = PBXBuildFile; fileRef = CF10ED112498AE0700D11813 /* OpenWeatherTests.swift */; };
		CF10ED1D2498AFCD00D11813 /* Constants.swift in Sources */ = {isa = PBXBuildFile; fileRef = CF10ED1C2498AFCD00D11813 /* Constants.swift */; };
		CF10ED222498B59A00D11813 /* WeatherStore.swift in Sources */ = {isa = PBXBuildFile; fileRef = CF10ED212498B59A00D11813 /* WeatherStore.swift */; };
		CF10ED252498BE6100D11813 /* Weather.swift in Sources */ = {isa = PBXBuildFile; fileRef = CF10ED242498BE6100D11813 /* Weather.swift */; };
		CF10ED2A2498DBC000D11813 /* ForecastSearchViewModel.swift in Sources */ = {isa = PBXBuildFile; fileRef = CF10ED292498DBC000D11813 /* ForecastSearchViewModel.swift */; };
/* End PBXBuildFile section */

/* Begin PBXContainerItemProxy section */
		CF10ED0E2498AE0700D11813 /* PBXContainerItemProxy */ = {
			isa = PBXContainerItemProxy;
			containerPortal = CF10ECEF2498AE0500D11813 /* Project object */;
			proxyType = 1;
			remoteGlobalIDString = CF10ECF62498AE0500D11813;
			remoteInfo = OpenWeather;
		};
/* End PBXContainerItemProxy section */

/* Begin PBXFileReference section */
		012272F33142C7437039DE6D /* Pods_OpenWeather.framework */ = {isa = PBXFileReference; explicitFileType = wrapper.framework; includeInIndex = 0; path = Pods_OpenWeather.framework; sourceTree = BUILT_PRODUCTS_DIR; };
		2CD46956E30E9B2D6398673F /* Pods-OpenWeatherTests.debug.xcconfig */ = {isa = PBXFileReference; includeInIndex = 1; lastKnownFileType = text.xcconfig; name = "Pods-OpenWeatherTests.debug.xcconfig"; path = "Target Support Files/Pods-OpenWeatherTests/Pods-OpenWeatherTests.debug.xcconfig"; sourceTree = "<group>"; };
		39802407432F9D1D7681F1FE /* Pods-OpenWeather.release.xcconfig */ = {isa = PBXFileReference; includeInIndex = 1; lastKnownFileType = text.xcconfig; name = "Pods-OpenWeather.release.xcconfig"; path = "Target Support Files/Pods-OpenWeather/Pods-OpenWeather.release.xcconfig"; sourceTree = "<group>"; };
		8F3B2BD6190069024143C3BA /* Pods_OpenWeatherTests.framework */ = {isa = PBXFileReference; explicitFileType = wrapper.framework; includeInIndex = 0; path = Pods_OpenWeatherTests.framework; sourceTree = BUILT_PRODUCTS_DIR; };
		B2E74872A074780E8DB19470 /* Pods-OpenWeatherTests.release.xcconfig */ = {isa = PBXFileReference; includeInIndex = 1; lastKnownFileType = text.xcconfig; name = "Pods-OpenWeatherTests.release.xcconfig"; path = "Target Support Files/Pods-OpenWeatherTests/Pods-OpenWeatherTests.release.xcconfig"; sourceTree = "<group>"; };
		CF10ECF72498AE0500D11813 /* OpenWeather.app */ = {isa = PBXFileReference; explicitFileType = wrapper.application; includeInIndex = 0; path = OpenWeather.app; sourceTree = BUILT_PRODUCTS_DIR; };
		CF10ECFA2498AE0500D11813 /* AppDelegate.swift */ = {isa = PBXFileReference; lastKnownFileType = sourcecode.swift; path = AppDelegate.swift; sourceTree = "<group>"; };
		CF10ECFC2498AE0500D11813 /* SceneDelegate.swift */ = {isa = PBXFileReference; lastKnownFileType = sourcecode.swift; path = SceneDelegate.swift; sourceTree = "<group>"; };
		CF10ECFE2498AE0500D11813 /* ViewController.swift */ = {isa = PBXFileReference; lastKnownFileType = sourcecode.swift; path = ViewController.swift; sourceTree = "<group>"; };
		CF10ED012498AE0500D11813 /* Base */ = {isa = PBXFileReference; lastKnownFileType = file.storyboard; name = Base; path = Base.lproj/Main.storyboard; sourceTree = "<group>"; };
		CF10ED032498AE0700D11813 /* Assets.xcassets */ = {isa = PBXFileReference; lastKnownFileType = folder.assetcatalog; path = Assets.xcassets; sourceTree = "<group>"; };
		CF10ED062498AE0700D11813 /* Base */ = {isa = PBXFileReference; lastKnownFileType = file.storyboard; name = Base; path = Base.lproj/LaunchScreen.storyboard; sourceTree = "<group>"; };
		CF10ED082498AE0700D11813 /* Info.plist */ = {isa = PBXFileReference; lastKnownFileType = text.plist.xml; path = Info.plist; sourceTree = "<group>"; };
		CF10ED0D2498AE0700D11813 /* OpenWeatherTests.xctest */ = {isa = PBXFileReference; explicitFileType = wrapper.cfbundle; includeInIndex = 0; path = OpenWeatherTests.xctest; sourceTree = BUILT_PRODUCTS_DIR; };
		CF10ED112498AE0700D11813 /* OpenWeatherTests.swift */ = {isa = PBXFileReference; lastKnownFileType = sourcecode.swift; path = OpenWeatherTests.swift; sourceTree = "<group>"; };
		CF10ED132498AE0700D11813 /* Info.plist */ = {isa = PBXFileReference; lastKnownFileType = text.plist.xml; path = Info.plist; sourceTree = "<group>"; };
		CF10ED1C2498AFCD00D11813 /* Constants.swift */ = {isa = PBXFileReference; lastKnownFileType = sourcecode.swift; path = Constants.swift; sourceTree = "<group>"; };
		CF10ED212498B59A00D11813 /* WeatherStore.swift */ = {isa = PBXFileReference; lastKnownFileType = sourcecode.swift; path = WeatherStore.swift; sourceTree = "<group>"; };
		CF10ED242498BE6100D11813 /* Weather.swift */ = {isa = PBXFileReference; lastKnownFileType = sourcecode.swift; path = Weather.swift; sourceTree = "<group>"; };
		CF10ED292498DBC000D11813 /* ForecastSearchViewModel.swift */ = {isa = PBXFileReference; fileEncoding = 4; lastKnownFileType = sourcecode.swift; path = ForecastSearchViewModel.swift; sourceTree = "<group>"; };
		D1ACA062DB9A3E109B53B091 /* Pods-OpenWeather.debug.xcconfig */ = {isa = PBXFileReference; includeInIndex = 1; lastKnownFileType = text.xcconfig; name = "Pods-OpenWeather.debug.xcconfig"; path = "Target Support Files/Pods-OpenWeather/Pods-OpenWeather.debug.xcconfig"; sourceTree = "<group>"; };
/* End PBXFileReference section */

/* Begin PBXFrameworksBuildPhase section */
		CF10ECF42498AE0500D11813 /* Frameworks */ = {
			isa = PBXFrameworksBuildPhase;
			buildActionMask = 2147483647;
			files = (
				3F1CF660291DA44A81CE6EE8 /* Pods_OpenWeather.framework in Frameworks */,
			);
			runOnlyForDeploymentPostprocessing = 0;
		};
		CF10ED0A2498AE0700D11813 /* Frameworks */ = {
			isa = PBXFrameworksBuildPhase;
			buildActionMask = 2147483647;
			files = (
				2A1075145D4B35518DF48C7F /* Pods_OpenWeatherTests.framework in Frameworks */,
			);
			runOnlyForDeploymentPostprocessing = 0;
		};
/* End PBXFrameworksBuildPhase section */

/* Begin PBXGroup section */
		6C6EF00FAEFAD9C9E7522041 /* Frameworks */ = {
			isa = PBXGroup;
			children = (
				012272F33142C7437039DE6D /* Pods_OpenWeather.framework */,
				8F3B2BD6190069024143C3BA /* Pods_OpenWeatherTests.framework */,
			);
			name = Frameworks;
			sourceTree = "<group>";
		};
		B96208AB6199DFCE888B7AA7 /* Pods */ = {
			isa = PBXGroup;
			children = (
				D1ACA062DB9A3E109B53B091 /* Pods-OpenWeather.debug.xcconfig */,
				39802407432F9D1D7681F1FE /* Pods-OpenWeather.release.xcconfig */,
				2CD46956E30E9B2D6398673F /* Pods-OpenWeatherTests.debug.xcconfig */,
				B2E74872A074780E8DB19470 /* Pods-OpenWeatherTests.release.xcconfig */,
			);
			path = Pods;
			sourceTree = "<group>";
		};
		CF10ECEE2498AE0500D11813 = {
			isa = PBXGroup;
			children = (
				CF10ECF92498AE0500D11813 /* OpenWeather */,
				CF10ED102498AE0700D11813 /* OpenWeatherTests */,
				CF10ECF82498AE0500D11813 /* Products */,
				B96208AB6199DFCE888B7AA7 /* Pods */,
				6C6EF00FAEFAD9C9E7522041 /* Frameworks */,
			);
			sourceTree = "<group>";
		};
		CF10ECF82498AE0500D11813 /* Products */ = {
			isa = PBXGroup;
			children = (
				CF10ECF72498AE0500D11813 /* OpenWeather.app */,
				CF10ED0D2498AE0700D11813 /* OpenWeatherTests.xctest */,
			);
			name = Products;
			sourceTree = "<group>";
		};
		CF10ECF92498AE0500D11813 /* OpenWeather */ = {
			isa = PBXGroup;
			children = (
				CF10ED262498C6C000D11813 /* ViewModels */,
				CF10ED082498AE0700D11813 /* Info.plist */,
				CF10ED232498BE5700D11813 /* Models */,
				CF10ED202498B53B00D11813 /* Services */,
				CF10ED1F2498B51C00D11813 /* ViewControllers */,
				CF10ED1E2498B4F200D11813 /* Resources */,
				CF10ECFA2498AE0500D11813 /* AppDelegate.swift */,
				CF10ECFC2498AE0500D11813 /* SceneDelegate.swift */,
				CF10ED1C2498AFCD00D11813 /* Constants.swift */,
			);
			path = OpenWeather;
			sourceTree = "<group>";
		};
		CF10ED102498AE0700D11813 /* OpenWeatherTests */ = {
			isa = PBXGroup;
			children = (
				CF10ED112498AE0700D11813 /* OpenWeatherTests.swift */,
				CF10ED132498AE0700D11813 /* Info.plist */,
			);
			path = OpenWeatherTests;
			sourceTree = "<group>";
		};
		CF10ED1E2498B4F200D11813 /* Resources */ = {
			isa = PBXGroup;
			children = (
				CF10ED002498AE0500D11813 /* Main.storyboard */,
				CF10ED032498AE0700D11813 /* Assets.xcassets */,
				CF10ED052498AE0700D11813 /* LaunchScreen.storyboard */,
			);
			path = Resources;
			sourceTree = "<group>";
		};
		CF10ED1F2498B51C00D11813 /* ViewControllers */ = {
			isa = PBXGroup;
			children = (
				CF10ECFE2498AE0500D11813 /* ViewController.swift */,
			);
			path = ViewControllers;
			sourceTree = "<group>";
		};
		CF10ED202498B53B00D11813 /* Services */ = {
			isa = PBXGroup;
			children = (
				CF10ED212498B59A00D11813 /* WeatherStore.swift */,
			);
			path = Services;
			sourceTree = "<group>";
		};
		CF10ED232498BE5700D11813 /* Models */ = {
			isa = PBXGroup;
			children = (
				CF10ED242498BE6100D11813 /* Weather.swift */,
			);
			path = Models;
			sourceTree = "<group>";
		};
		CF10ED262498C6C000D11813 /* ViewModels */ = {
			isa = PBXGroup;
			children = (
				CF10ED292498DBC000D11813 /* ForecastSearchViewModel.swift */,
			);
			path = ViewModels;
			sourceTree = "<group>";
		};
/* End PBXGroup section */

/* Begin PBXNativeTarget section */
		CF10ECF62498AE0500D11813 /* OpenWeather */ = {
			isa = PBXNativeTarget;
			buildConfigurationList = CF10ED162498AE0700D11813 /* Build configuration list for PBXNativeTarget "OpenWeather" */;
			buildPhases = (
				EC31ECA19A239F27F48CAACF /* [CP] Check Pods Manifest.lock */,
				CF10ECF32498AE0500D11813 /* Sources */,
				CF10ECF42498AE0500D11813 /* Frameworks */,
				CF10ECF52498AE0500D11813 /* Resources */,
				F43E959C6E5BA1621E068D88 /* [CP] Embed Pods Frameworks */,
			);
			buildRules = (
			);
			dependencies = (
			);
			name = OpenWeather;
			productName = OpenWeather;
			productReference = CF10ECF72498AE0500D11813 /* OpenWeather.app */;
			productType = "com.apple.product-type.application";
		};
		CF10ED0C2498AE0700D11813 /* OpenWeatherTests */ = {
			isa = PBXNativeTarget;
			buildConfigurationList = CF10ED192498AE0700D11813 /* Build configuration list for PBXNativeTarget "OpenWeatherTests" */;
			buildPhases = (
				06799765070B10373C3D5300 /* [CP] Check Pods Manifest.lock */,
				CF10ED092498AE0700D11813 /* Sources */,
				CF10ED0A2498AE0700D11813 /* Frameworks */,
				CF10ED0B2498AE0700D11813 /* Resources */,
			);
			buildRules = (
			);
			dependencies = (
				CF10ED0F2498AE0700D11813 /* PBXTargetDependency */,
			);
			name = OpenWeatherTests;
			productName = OpenWeatherTests;
			productReference = CF10ED0D2498AE0700D11813 /* OpenWeatherTests.xctest */;
			productType = "com.apple.product-type.bundle.unit-test";
		};
/* End PBXNativeTarget section */

/* Begin PBXProject section */
		CF10ECEF2498AE0500D11813 /* Project object */ = {
			isa = PBXProject;
			attributes = {
				LastSwiftUpdateCheck = 1120;
				LastUpgradeCheck = 1120;
				ORGANIZATIONNAME = gareth15;
				TargetAttributes = {
					CF10ECF62498AE0500D11813 = {
						CreatedOnToolsVersion = 11.2.1;
					};
					CF10ED0C2498AE0700D11813 = {
						CreatedOnToolsVersion = 11.2.1;
						TestTargetID = CF10ECF62498AE0500D11813;
					};
				};
			};
			buildConfigurationList = CF10ECF22498AE0500D11813 /* Build configuration list for PBXProject "OpenWeather" */;
			compatibilityVersion = "Xcode 9.3";
			developmentRegion = en;
			hasScannedForEncodings = 0;
			knownRegions = (
				en,
				Base,
			);
			mainGroup = CF10ECEE2498AE0500D11813;
			productRefGroup = CF10ECF82498AE0500D11813 /* Products */;
			projectDirPath = "";
			projectRoot = "";
			targets = (
				CF10ECF62498AE0500D11813 /* OpenWeather */,
				CF10ED0C2498AE0700D11813 /* OpenWeatherTests */,
			);
		};
/* End PBXProject section */

/* Begin PBXResourcesBuildPhase section */
		CF10ECF52498AE0500D11813 /* Resources */ = {
			isa = PBXResourcesBuildPhase;
			buildActionMask = 2147483647;
			files = (
				CF10ED072498AE0700D11813 /* LaunchScreen.storyboard in Resources */,
				CF10ED042498AE0700D11813 /* Assets.xcassets in Resources */,
				CF10ED022498AE0500D11813 /* Main.storyboard in Resources */,
			);
			runOnlyForDeploymentPostprocessing = 0;
		};
		CF10ED0B2498AE0700D11813 /* Resources */ = {
			isa = PBXResourcesBuildPhase;
			buildActionMask = 2147483647;
			files = (
			);
			runOnlyForDeploymentPostprocessing = 0;
		};
/* End PBXResourcesBuildPhase section */

/* Begin PBXShellScriptBuildPhase section */
		06799765070B10373C3D5300 /* [CP] Check Pods Manifest.lock */ = {
			isa = PBXShellScriptBuildPhase;
			buildActionMask = 2147483647;
			files = (
			);
			inputFileListPaths = (
			);
			inputPaths = (
				"${PODS_PODFILE_DIR_PATH}/Podfile.lock",
				"${PODS_ROOT}/Manifest.lock",
			);
			name = "[CP] Check Pods Manifest.lock";
			outputFileListPaths = (
			);
			outputPaths = (
				"$(DERIVED_FILE_DIR)/Pods-OpenWeatherTests-checkManifestLockResult.txt",
			);
			runOnlyForDeploymentPostprocessing = 0;
			shellPath = /bin/sh;
			shellScript = "diff \"${PODS_PODFILE_DIR_PATH}/Podfile.lock\" \"${PODS_ROOT}/Manifest.lock\" > /dev/null\nif [ $? != 0 ] ; then\n    # print error to STDERR\n    echo \"error: The sandbox is not in sync with the Podfile.lock. Run 'pod install' or update your CocoaPods installation.\" >&2\n    exit 1\nfi\n# This output is used by Xcode 'outputs' to avoid re-running this script phase.\necho \"SUCCESS\" > \"${SCRIPT_OUTPUT_FILE_0}\"\n";
			showEnvVarsInLog = 0;
		};
		EC31ECA19A239F27F48CAACF /* [CP] Check Pods Manifest.lock */ = {
			isa = PBXShellScriptBuildPhase;
			buildActionMask = 2147483647;
			files = (
			);
			inputFileListPaths = (
			);
			inputPaths = (
				"${PODS_PODFILE_DIR_PATH}/Podfile.lock",
				"${PODS_ROOT}/Manifest.lock",
			);
			name = "[CP] Check Pods Manifest.lock";
			outputFileListPaths = (
			);
			outputPaths = (
				"$(DERIVED_FILE_DIR)/Pods-OpenWeather-checkManifestLockResult.txt",
			);
			runOnlyForDeploymentPostprocessing = 0;
			shellPath = /bin/sh;
			shellScript = "diff \"${PODS_PODFILE_DIR_PATH}/Podfile.lock\" \"${PODS_ROOT}/Manifest.lock\" > /dev/null\nif [ $? != 0 ] ; then\n    # print error to STDERR\n    echo \"error: The sandbox is not in sync with the Podfile.lock. Run 'pod install' or update your CocoaPods installation.\" >&2\n    exit 1\nfi\n# This output is used by Xcode 'outputs' to avoid re-running this script phase.\necho \"SUCCESS\" > \"${SCRIPT_OUTPUT_FILE_0}\"\n";
			showEnvVarsInLog = 0;
		};
		F43E959C6E5BA1621E068D88 /* [CP] Embed Pods Frameworks */ = {
			isa = PBXShellScriptBuildPhase;
			buildActionMask = 2147483647;
			files = (
			);
			inputFileListPaths = (
				"${PODS_ROOT}/Target Support Files/Pods-OpenWeather/Pods-OpenWeather-frameworks-${CONFIGURATION}-input-files.xcfilelist",
			);
			name = "[CP] Embed Pods Frameworks";
			outputFileListPaths = (
				"${PODS_ROOT}/Target Support Files/Pods-OpenWeather/Pods-OpenWeather-frameworks-${CONFIGURATION}-output-files.xcfilelist",
			);
			runOnlyForDeploymentPostprocessing = 0;
			shellPath = /bin/sh;
			shellScript = "\"${PODS_ROOT}/Target Support Files/Pods-OpenWeather/Pods-OpenWeather-frameworks.sh\"\n";
			showEnvVarsInLog = 0;
		};
/* End PBXShellScriptBuildPhase section */

/* Begin PBXSourcesBuildPhase section */
		CF10ECF32498AE0500D11813 /* Sources */ = {
			isa = PBXSourcesBuildPhase;
			buildActionMask = 2147483647;
			files = (
				CF10ED222498B59A00D11813 /* WeatherStore.swift in Sources */,
				CF10ECFF2498AE0500D11813 /* ViewController.swift in Sources */,
				CF10ECFB2498AE0500D11813 /* AppDelegate.swift in Sources */,
				CF10ECFD2498AE0500D11813 /* SceneDelegate.swift in Sources */,
				CF10ED252498BE6100D11813 /* Weather.swift in Sources */,
				CF10ED2A2498DBC000D11813 /* ForecastSearchViewModel.swift in Sources */,
				CF10ED1D2498AFCD00D11813 /* Constants.swift in Sources */,
			);
			runOnlyForDeploymentPostprocessing = 0;
		};
		CF10ED092498AE0700D11813 /* Sources */ = {
			isa = PBXSourcesBuildPhase;
			buildActionMask = 2147483647;
			files = (
				CF10ED122498AE0700D11813 /* OpenWeatherTests.swift in Sources */,
			);
			runOnlyForDeploymentPostprocessing = 0;
		};
/* End PBXSourcesBuildPhase section */

/* Begin PBXTargetDependency section */
		CF10ED0F2498AE0700D11813 /* PBXTargetDependency */ = {
			isa = PBXTargetDependency;
			target = CF10ECF62498AE0500D11813 /* OpenWeather */;
			targetProxy = CF10ED0E2498AE0700D11813 /* PBXContainerItemProxy */;
		};
/* End PBXTargetDependency section */

/* Begin PBXVariantGroup section */
		CF10ED002498AE0500D11813 /* Main.storyboard */ = {
			isa = PBXVariantGroup;
			children = (
				CF10ED012498AE0500D11813 /* Base */,
			);
			name = Main.storyboard;
			sourceTree = "<group>";
		};
		CF10ED052498AE0700D11813 /* LaunchScreen.storyboard */ = {
			isa = PBXVariantGroup;
			children = (
				CF10ED062498AE0700D11813 /* Base */,
			);
			name = LaunchScreen.storyboard;
			sourceTree = "<group>";
		};
/* End PBXVariantGroup section */

/* Begin XCBuildConfiguration section */
		CF10ED142498AE0700D11813 /* Debug */ = {
			isa = XCBuildConfiguration;
			buildSettings = {
				ALWAYS_SEARCH_USER_PATHS = NO;
				CLANG_ANALYZER_NONNULL = YES;
				CLANG_ANALYZER_NUMBER_OBJECT_CONVERSION = YES_AGGRESSIVE;
				CLANG_CXX_LANGUAGE_STANDARD = "gnu++14";
				CLANG_CXX_LIBRARY = "libc++";
				CLANG_ENABLE_MODULES = YES;
				CLANG_ENABLE_OBJC_ARC = YES;
				CLANG_ENABLE_OBJC_WEAK = YES;
				CLANG_WARN_BLOCK_CAPTURE_AUTORELEASING = YES;
				CLANG_WARN_BOOL_CONVERSION = YES;
				CLANG_WARN_COMMA = YES;
				CLANG_WARN_CONSTANT_CONVERSION = YES;
				CLANG_WARN_DEPRECATED_OBJC_IMPLEMENTATIONS = YES;
				CLANG_WARN_DIRECT_OBJC_ISA_USAGE = YES_ERROR;
				CLANG_WARN_DOCUMENTATION_COMMENTS = YES;
				CLANG_WARN_EMPTY_BODY = YES;
				CLANG_WARN_ENUM_CONVERSION = YES;
				CLANG_WARN_INFINITE_RECURSION = YES;
				CLANG_WARN_INT_CONVERSION = YES;
				CLANG_WARN_NON_LITERAL_NULL_CONVERSION = YES;
				CLANG_WARN_OBJC_IMPLICIT_RETAIN_SELF = YES;
				CLANG_WARN_OBJC_LITERAL_CONVERSION = YES;
				CLANG_WARN_OBJC_ROOT_CLASS = YES_ERROR;
				CLANG_WARN_RANGE_LOOP_ANALYSIS = YES;
				CLANG_WARN_STRICT_PROTOTYPES = YES;
				CLANG_WARN_SUSPICIOUS_MOVE = YES;
				CLANG_WARN_UNGUARDED_AVAILABILITY = YES_AGGRESSIVE;
				CLANG_WARN_UNREACHABLE_CODE = YES;
				CLANG_WARN__DUPLICATE_METHOD_MATCH = YES;
				COPY_PHASE_STRIP = NO;
				DEBUG_INFORMATION_FORMAT = dwarf;
				ENABLE_STRICT_OBJC_MSGSEND = YES;
				ENABLE_TESTABILITY = YES;
				GCC_C_LANGUAGE_STANDARD = gnu11;
				GCC_DYNAMIC_NO_PIC = NO;
				GCC_NO_COMMON_BLOCKS = YES;
				GCC_OPTIMIZATION_LEVEL = 0;
				GCC_PREPROCESSOR_DEFINITIONS = (
					"DEBUG=1",
					"$(inherited)",
				);
				GCC_WARN_64_TO_32_BIT_CONVERSION = YES;
				GCC_WARN_ABOUT_RETURN_TYPE = YES_ERROR;
				GCC_WARN_UNDECLARED_SELECTOR = YES;
				GCC_WARN_UNINITIALIZED_AUTOS = YES_AGGRESSIVE;
				GCC_WARN_UNUSED_FUNCTION = YES;
				GCC_WARN_UNUSED_VARIABLE = YES;
				IPHONEOS_DEPLOYMENT_TARGET = 13.2;
				MTL_ENABLE_DEBUG_INFO = INCLUDE_SOURCE;
				MTL_FAST_MATH = YES;
				ONLY_ACTIVE_ARCH = YES;
				SDKROOT = iphoneos;
				SWIFT_ACTIVE_COMPILATION_CONDITIONS = DEBUG;
				SWIFT_OPTIMIZATION_LEVEL = "-Onone";
			};
			name = Debug;
		};
		CF10ED152498AE0700D11813 /* Release */ = {
			isa = XCBuildConfiguration;
			buildSettings = {
				ALWAYS_SEARCH_USER_PATHS = NO;
				CLANG_ANALYZER_NONNULL = YES;
				CLANG_ANALYZER_NUMBER_OBJECT_CONVERSION = YES_AGGRESSIVE;
				CLANG_CXX_LANGUAGE_STANDARD = "gnu++14";
				CLANG_CXX_LIBRARY = "libc++";
				CLANG_ENABLE_MODULES = YES;
				CLANG_ENABLE_OBJC_ARC = YES;
				CLANG_ENABLE_OBJC_WEAK = YES;
				CLANG_WARN_BLOCK_CAPTURE_AUTORELEASING = YES;
				CLANG_WARN_BOOL_CONVERSION = YES;
				CLANG_WARN_COMMA = YES;
				CLANG_WARN_CONSTANT_CONVERSION = YES;
				CLANG_WARN_DEPRECATED_OBJC_IMPLEMENTATIONS = YES;
				CLANG_WARN_DIRECT_OBJC_ISA_USAGE = YES_ERROR;
				CLANG_WARN_DOCUMENTATION_COMMENTS = YES;
				CLANG_WARN_EMPTY_BODY = YES;
				CLANG_WARN_ENUM_CONVERSION = YES;
				CLANG_WARN_INFINITE_RECURSION = YES;
				CLANG_WARN_INT_CONVERSION = YES;
				CLANG_WARN_NON_LITERAL_NULL_CONVERSION = YES;
				CLANG_WARN_OBJC_IMPLICIT_RETAIN_SELF = YES;
				CLANG_WARN_OBJC_LITERAL_CONVERSION = YES;
				CLANG_WARN_OBJC_ROOT_CLASS = YES_ERROR;
				CLANG_WARN_RANGE_LOOP_ANALYSIS = YES;
				CLANG_WARN_STRICT_PROTOTYPES = YES;
				CLANG_WARN_SUSPICIOUS_MOVE = YES;
				CLANG_WARN_UNGUARDED_AVAILABILITY = YES_AGGRESSIVE;
				CLANG_WARN_UNREACHABLE_CODE = YES;
				CLANG_WARN__DUPLICATE_METHOD_MATCH = YES;
				COPY_PHASE_STRIP = NO;
				DEBUG_INFORMATION_FORMAT = "dwarf-with-dsym";
				ENABLE_NS_ASSERTIONS = NO;
				ENABLE_STRICT_OBJC_MSGSEND = YES;
				GCC_C_LANGUAGE_STANDARD = gnu11;
				GCC_NO_COMMON_BLOCKS = YES;
				GCC_WARN_64_TO_32_BIT_CONVERSION = YES;
				GCC_WARN_ABOUT_RETURN_TYPE = YES_ERROR;
				GCC_WARN_UNDECLARED_SELECTOR = YES;
				GCC_WARN_UNINITIALIZED_AUTOS = YES_AGGRESSIVE;
				GCC_WARN_UNUSED_FUNCTION = YES;
				GCC_WARN_UNUSED_VARIABLE = YES;
				IPHONEOS_DEPLOYMENT_TARGET = 13.2;
				MTL_ENABLE_DEBUG_INFO = NO;
				MTL_FAST_MATH = YES;
				SDKROOT = iphoneos;
				SWIFT_COMPILATION_MODE = wholemodule;
				SWIFT_OPTIMIZATION_LEVEL = "-O";
				VALIDATE_PRODUCT = YES;
			};
			name = Release;
		};
		CF10ED172498AE0700D11813 /* Debug */ = {
			isa = XCBuildConfiguration;
			baseConfigurationReference = D1ACA062DB9A3E109B53B091 /* Pods-OpenWeather.debug.xcconfig */;
			buildSettings = {
				ASSETCATALOG_COMPILER_APPICON_NAME = AppIcon;
				CODE_SIGN_STYLE = Automatic;
				DEVELOPMENT_TEAM = J9JA79N9E5;
				INFOPLIST_FILE = OpenWeather/Info.plist;
				LD_RUNPATH_SEARCH_PATHS = (
					"$(inherited)",
					"@executable_path/Frameworks",
				);
				PRODUCT_BUNDLE_IDENTIFIER = com.gareth.openweather.OpenWeather;
				PRODUCT_NAME = "$(TARGET_NAME)";
				SWIFT_VERSION = 5.0;
				TARGETED_DEVICE_FAMILY = "1,2";
			};
			name = Debug;
		};
		CF10ED182498AE0700D11813 /* Release */ = {
			isa = XCBuildConfiguration;
			baseConfigurationReference = 39802407432F9D1D7681F1FE /* Pods-OpenWeather.release.xcconfig */;
			buildSettings = {
				ASSETCATALOG_COMPILER_APPICON_NAME = AppIcon;
				CODE_SIGN_STYLE = Automatic;
				DEVELOPMENT_TEAM = J9JA79N9E5;
				INFOPLIST_FILE = OpenWeather/Info.plist;
				LD_RUNPATH_SEARCH_PATHS = (
					"$(inherited)",
					"@executable_path/Frameworks",
				);
				PRODUCT_BUNDLE_IDENTIFIER = com.gareth.openweather.OpenWeather;
				PRODUCT_NAME = "$(TARGET_NAME)";
				SWIFT_VERSION = 5.0;
				TARGETED_DEVICE_FAMILY = "1,2";
			};
			name = Release;
		};
		CF10ED1A2498AE0700D11813 /* Debug */ = {
			isa = XCBuildConfiguration;
			baseConfigurationReference = 2CD46956E30E9B2D6398673F /* Pods-OpenWeatherTests.debug.xcconfig */;
			buildSettings = {
				ALWAYS_EMBED_SWIFT_STANDARD_LIBRARIES = YES;
				BUNDLE_LOADER = "$(TEST_HOST)";
				CODE_SIGN_STYLE = Automatic;
				DEVELOPMENT_TEAM = J9JA79N9E5;
				INFOPLIST_FILE = OpenWeatherTests/Info.plist;
				IPHONEOS_DEPLOYMENT_TARGET = 13.2;
				LD_RUNPATH_SEARCH_PATHS = (
					"$(inherited)",
					"@executable_path/Frameworks",
					"@loader_path/Frameworks",
				);
				PRODUCT_BUNDLE_IDENTIFIER = com.gareth.openweather.OpenWeatherTests;
				PRODUCT_NAME = "$(TARGET_NAME)";
				SWIFT_VERSION = 5.0;
				TARGETED_DEVICE_FAMILY = "1,2";
				TEST_HOST = "$(BUILT_PRODUCTS_DIR)/OpenWeather.app/OpenWeather";
			};
			name = Debug;
		};
		CF10ED1B2498AE0700D11813 /* Release */ = {
			isa = XCBuildConfiguration;
			baseConfigurationReference = B2E74872A074780E8DB19470 /* Pods-OpenWeatherTests.release.xcconfig */;
			buildSettings = {
				ALWAYS_EMBED_SWIFT_STANDARD_LIBRARIES = YES;
				BUNDLE_LOADER = "$(TEST_HOST)";
				CODE_SIGN_STYLE = Automatic;
				DEVELOPMENT_TEAM = J9JA79N9E5;
				INFOPLIST_FILE = OpenWeatherTests/Info.plist;
				IPHONEOS_DEPLOYMENT_TARGET = 13.2;
				LD_RUNPATH_SEARCH_PATHS = (
					"$(inherited)",
					"@executable_path/Frameworks",
					"@loader_path/Frameworks",
				);
				PRODUCT_BUNDLE_IDENTIFIER = com.gareth.openweather.OpenWeatherTests;
				PRODUCT_NAME = "$(TARGET_NAME)";
				SWIFT_VERSION = 5.0;
				TARGETED_DEVICE_FAMILY = "1,2";
				TEST_HOST = "$(BUILT_PRODUCTS_DIR)/OpenWeather.app/OpenWeather";
			};
			name = Release;
		};
/* End XCBuildConfiguration section */

/* Begin XCConfigurationList section */
		CF10ECF22498AE0500D11813 /* Build configuration list for PBXProject "OpenWeather" */ = {
			isa = XCConfigurationList;
			buildConfigurations = (
				CF10ED142498AE0700D11813 /* Debug */,
				CF10ED152498AE0700D11813 /* Release */,
			);
			defaultConfigurationIsVisible = 0;
			defaultConfigurationName = Release;
		};
		CF10ED162498AE0700D11813 /* Build configuration list for PBXNativeTarget "OpenWeather" */ = {
			isa = XCConfigurationList;
			buildConfigurations = (
				CF10ED172498AE0700D11813 /* Debug */,
				CF10ED182498AE0700D11813 /* Release */,
			);
			defaultConfigurationIsVisible = 0;
			defaultConfigurationName = Release;
		};
		CF10ED192498AE0700D11813 /* Build configuration list for PBXNativeTarget "OpenWeatherTests" */ = {
			isa = XCConfigurationList;
			buildConfigurations = (
				CF10ED1A2498AE0700D11813 /* Debug */,
				CF10ED1B2498AE0700D11813 /* Release */,
			);
			defaultConfigurationIsVisible = 0;
			defaultConfigurationName = Release;
		};
/* End XCConfigurationList section */
	};
	rootObject = CF10ECEF2498AE0500D11813 /* Project object */;
}
